{
  "name": "Show-Case",
  "version": "1.0.0",
  "lockfileVersion": 1,
  "requires": true,
  "dependencies": {
    "@builder.io/partytown": {
      "version": "0.8.1",
      "resolved": "https://registry.npmjs.org/@builder.io/partytown/-/partytown-0.8.1.tgz",
      "integrity": "sha512-p4xhEtQCPe8YFJ8e7KT9RptnT+f4lvtbmXymbp1t0bLp+USkNMTxrRMNc3Dlr2w2fpxyX7uA0CyAeU3ju84O4A=="
    }
  }
}
